# THIS IS AN AUTOGENERATED FILE. DO NOT EDIT THIS FILE DIRECTLY.
# yarn lockfile v1


"@tanstack/query-core@5.100.10":
  version "5.100.10"
  resolved "https://registry.yarnpkg.com/@tanstack/query-core/-/query-core-5.100.10.tgz#aeb34d301fd4ff9762e67dfa018adc33b7a18be4"
  integrity sha512-8UR0yJR+GiQ40m3lPhUr0xbfAupe6GSQiksSBSa9SM2NjezFyxXCIA69/lz8cSoNKZLrw1/PktIyQBJcVeMi3w==

"@tanstack/react-query@^5.100.10":
  version "5.100.10"
  resolved "https://registry.yarnpkg.com/@tanstack/react-query/-/react-query-5.100.10.tgz#3bf1844efd76f5f68f9f39da2917fc4c6023e726"
  integrity sha512-FLaZf2RCrA/Zgp4aiu5tG3TyasTRO7aZ99skxQpr3Hg/zXOhu6yq5FZCYQ/tRaJtM9ylnoK8tFK7PolXQadv6Q==
  dependencies:
    "@tanstack/query-core" "5.100.10"
